
Microsoft Visual Studio Solution File, Format Version 12.00
# Visual Studio 15
VisualStudioVersion = 15.0.27130.2020
MinimumVisualStudioVersion = 10.0.40219.1
Project("{FAE04EC0-301F-11D3-BF4B-00C04F79EFBC}") = "RssParser", "RssParser\RssParser.csproj", "{043826DF-E3E8-4269-8641-9294A9F77A7D}"
EndProject
Global
	GlobalSection(SolutionConfigurationPlatforms) = preSolution
		Debug|Any CPU = Debug|Any CPU
		Release|Any CPU = Release|Any CPU
	EndGlobalSection
	GlobalSection(ProjectConfigurationPlatforms) = postSolution
		{043826DF-E3E8-4269-8641-9294A9F77A7D}.Debug|Any CPU.ActiveCfg = Debug|Any CPU
		{043826DF-E3E8-4269-8641-9294A9F77A7D}.Debug|Any CPU.Build.0 = Debug|Any CPU
		{043826DF-E3E8-4269-8641-9294A9F77A7D}.Release|Any CPU.ActiveCfg = Release|Any CPU
		{043826DF-E3E8-4269-8641-9294A9F77A7D}.Release|Any CPU.Build.0 = Release|Any CPU
	EndGlobalSection
	GlobalSection(SolutionProperties) = preSolution
		HideSolutionNode = FALSE
	EndGlobalSection
	GlobalSection(ExtensibilityGlobals) = postSolution
		SolutionGuid = {DD905389-2F40-450E-80F3-45F0CF2642AC}
	EndGlobalSection
EndGlobal
